// !$*UTF8*$!
{
	archiveVersion = 1;
	classes = {
	};
	objectVersion = 46;
	objects = {

/* Begin PBXBuildFile section */
		E0A90F731C59BAC400DDA3F0 /* main.m in Sources */ = {isa = PBXBuildFile; fileRef = E0A90F721C59BAC400DDA3F0 /* main.m */; };
		E0A90F761C59BAC400DDA3F0 /* AppDelegate.m in Sources */ = {isa = PBXBuildFile; fileRef = E0A90F751C59BAC400DDA3F0 /* AppDelegate.m */; };
		E0A90F791C59BAC400DDA3F0 /* ViewController.m in Sources */ = {isa = PBXBuildFile; fileRef = E0A90F781C59BAC400DDA3F0 /* ViewController.m */; };
		E0A90F7C1C59BAC400DDA3F0 /* Main.storyboard in Resources */ = {isa = PBXBuildFile; fileRef = E0A90F7A1C59BAC400DDA3F0 /* Main.storyboard */; };
		E0A90F7E1C59BAC400DDA3F0 /* Assets.xcassets in Resources */ = {isa = PBXBuildFile; fileRef = E0A90F7D1C59BAC400DDA3F0 /* Assets.xcassets */; };
		E0A90F811C59BAC400DDA3F0 /* LaunchScreen.storyboard in Resources */ = {isa = PBXBuildFile; fileRef = E0A90F7F1C59BAC400DDA3F0 /* LaunchScreen.storyboard */; };
/* End PBXBuildFile section */

/* Begin PBXFileReference section */
		E0A90F6E1C59BAC400DDA3F0 /* testDemo.app */ = {isa = PBXFileReference; explicitFileType = wrapper.application; includeInIndex = 0; path = testDemo.app; sourceTree = BUILT_PRODUCTS_DIR; };
		E0A90F721C59BAC400DDA3F0 /* main.m */ = {isa = PBXFileReference; lastKnownFileType = sourcecode.c.objc; path = main.m; sourceTree = "<group>"; };
		E0A90F741C59BAC400DDA3F0 /* AppDelegate.h */ = {isa = PBXFileReference; lastKnownFileType = sourcecode.c.h; path = AppDelegate.h; sourceTree = "<group>"; };
		E0A90F751C59BAC400DDA3F0 /* AppDelegate.m */ = {isa = PBXFileReference; lastKnownFileType = sourcecode.c.objc; path = AppDelegate.m; sourceTree = "<group>"; };
		E0A90F771C59BAC400DDA3F0 /* ViewController.h */ = {isa = PBXFileReference; lastKnownFileType = sourcecode.c.h; path = ViewController.h; sourceTree = "<group>"; };
		E0A90F781C59BAC400DDA3F0 /* ViewController.m */ = {isa = PBXFileReference; lastKnownFileType = sourcecode.c.objc; path = ViewController.m; sourceTree = "<group>"; };
		E0A90F7B1C59BAC400DDA3F0 /* Base */ = {isa = PBXFileReference; lastKnownFileType = file.storyboard; name = Base; path = Base.lproj/Main.storyboard; sourceTree = "<group>"; };
		E0A90F7D1C59BAC400DDA3F0 /* Assets.xcassets */ = {isa = PBXFileReference; lastKnownFileType = folder.assetcatalog; path = Assets.xcassets; sourceTree = "<group>"; };
		E0A90F801C59BAC400DDA3F0 /* Base */ = {isa = PBXFileReference; lastKnownFileType = file.storyboard; name = Base; path = Base.lproj/LaunchScreen.storyboard; sourceTree = "<group>"; };
		E0A90F821C59BAC400DDA3F0 /* Info.plist */ = {isa = PBXFileReference; lastKnownFileType = text.plist.xml; path = Info.plist; sourceTree = "<group>"; };
/* End PBXFileReference section */

/* Begin PBXFrameworksBuildPhase section */
		E0A90F6B1C59BAC400DDA3F0 /* Frameworks */ = {
			isa = PBXFrameworksBuildPhase;
			buildActionMask = 2147483647;
			files = (
			);
			runOnlyForDeploymentPostprocessing = 0;
		};
/* End PBXFrameworksBuildPhase section */

/* Begin PBXGroup section */
		E0A90F651C59BAC300DDA3F0 = {
			isa = PBXGroup;
			children = (
				E0A90F701C59BAC400DDA3F0 /* testDemo */,
				E0A90F6F1C59BAC400DDA3F0 /* Products */,
			);
			sourceTree = "<group>";
		};
		E0A90F6F1C59BAC400DDA3F0 /* Products */ = {
			isa = PBXGroup;
			children = (
				E0A90F6E1C59BAC400DDA3F0 /* testDemo.app */,
			);
			name = Products;
			sourceTree = "<group>";
		};
		E0A90F701C59BAC400DDA3F0 /* testDemo */ = {
			isa = PBXGroup;
			children = (
				E0A90F741C59BAC400DDA3F0 /* AppDelegate.h */,
				E0A90F751C59BAC400DDA3F0 /* AppDelegate.m */,
				E0A90F771C59BAC400DDA3F0 /* ViewController.h */,
				E0A90F781C59BAC400DDA3F0 /* ViewController.m */,
				E0A90F7A1C59BAC400DDA3F0 /* Main.storyboard */,
				E0A90F7D1C59BAC400DDA3F0 /* Assets.xcassets */,
				E0A90F7F1C59BAC400DDA3F0 /* LaunchScreen.storyboard */,
				E0A90F821C59BAC400DDA3F0 /* Info.plist */,
				E0A90F711C59BAC400DDA3F0 /* Supporting Files */,
			);
			path = testDemo;
			sourceTree = "<group>";
		};
		E0A90F711C59BAC400DDA3F0 /* Supporting Files */ = {
			isa = PBXGroup;
			children = (
				E0A90F721C59BAC400DDA3F0 /* main.m */,
			);
			name = "Supporting Files";
			sourceTree = "<group>";
		};
/* End PBXGroup section */

/* Begin PBXNativeTarget section */
		E0A90F6D1C59BAC400DDA3F0 /* testDemo */ = {
			isa = PBXNativeTarget;
			buildConfigurationList = E0A90F851C59BAC400DDA3F0 /* Build configuration list for PBXNativeTarget "testDemo" */;
			buildPhases = (
				E0A90F6A1C59BAC400DDA3F0 /* Sources */,
				E0A90F6B1C59BAC400DDA3F0 /* Frameworks */,
				E0A90F6C1C59BAC400DDA3F0 /* Resources */,
			);
			buildRules = (
			);
			dependencies = (
			);
			name = testDemo;
			productName = testDemo;
			productReference = E0A90F6E1C59BAC400DDA3F0 /* testDemo.app */;
			productType = "com.apple.product-type.application";
		};
/* End PBXNativeTarget section */

/* Begin PBXProject section */
		E0A90F661C59BAC300DDA3F0 /* Project object */ = {
			isa = PBXProject;
			attributes = {
				LastUpgradeCheck = 0710;
				ORGANIZATIONNAME = YangWeitian;
				TargetAttributes = {
					E0A90F6D1C59BAC400DDA3F0 = {
						CreatedOnToolsVersion = 7.1.1;
					};
				};
			};
			buildConfigurationList = E0A90F691C59BAC400DDA3F0 /* Build configuration list for PBXProject "testDemo" */;
			compatibilityVersion = "Xcode 3.2";
			developmentRegion = English;
			hasScannedForEncodings = 0;
			knownRegions = (
				en,
				Base,
			);
			mainGroup = E0A90F651C59BAC300DDA3F0;
			productRefGroup = E0A90F6F1C59BAC400DDA3F0 /* Products */;
			projectDirPath = "";
			projectRoot = "";
			targets = (
				E0A90F6D1C59BAC400DDA3F0 /* testDemo */,
			);
		};
/* End PBXProject section */

/* Begin PBXResourcesBuildPhase section */
		E0A90F6C1C59BAC400DDA3F0 /* Resources */ = {
			isa = PBXResourcesBuildPhase;
			buildActionMask = 2147483647;
			files = (
				E0A90F811C59BAC400DDA3F0 /* LaunchScreen.storyboard in Resources */,
				E0A90F7E1C59BAC400DDA3F0 /* Assets.xcassets in Resources */,
				E0A90F7C1C59BAC400DDA3F0 /* Main.storyboard in Resources */,
			);
			runOnlyForDeploymentPostprocessing = 0;
		};
/* End PBXResourcesBuildPhase section */

/* Begin PBXSourcesBuildPhase section */
		E0A90F6A1C59BAC400DDA3F0 /* Sources */ = {
			isa = PBXSourcesBuildPhase;
			buildActionMask = 2147483647;
			files = (
				E0A90F791C59BAC400DDA3F0 /* ViewController.m in Sources */,
				E0A90F761C59BAC400DDA3F0 /* AppDelegate.m in Sources */,
				E0A90F731C59BAC400DDA3F0 /* main.m in Sources */,
			);
			runOnlyForDeploymentPostprocessing = 0;
		};
/* End PBXSourcesBuildPhase section */

/* Begin PBXVariantGroup section */
		E0A90F7A1C59BAC400DDA3F0 /* Main.storyboard */ = {
			isa = PBXVariantGroup;
			children = (
				E0A90F7B1C59BAC400DDA3F0 /* Base */,
			);
			name = Main.storyboard;
			sourceTree = "<group>";
		};
		E0A90F7F1C59BAC400DDA3F0 /* LaunchScreen.storyboard */ = {
			isa = PBXVariantGroup;
			children = (
				E0A90F801C59BAC400DDA3F0 /* Base */,
			);
			name = LaunchScreen.storyboard;
			sourceTree = "<group>";
		};
/* End PBXVariantGroup section */

/* Begin XCBuildConfiguration section */
		E0A90F831C59BAC400DDA3F0 /* Debug */ = {
			isa = XCBuildConfiguration;
			buildSettings = {
				ALWAYS_SEARCH_USER_PATHS = NO;
				CLANG_CXX_LANGUAGE_STANDARD = "gnu++0x";
				CLANG_CXX_LIBRARY = "libc++";
				CLANG_ENABLE_MODULES = YES;
				CLANG_ENABLE_OBJC_ARC = YES;
				CLANG_WARN_BOOL_CONVERSION = YES;
				CLANG_WARN_CONSTANT_CONVERSION = YES;
				CLANG_WARN_DIRECT_OBJC_ISA_USAGE = YES_ERROR;
				CLANG_WARN_EMPTY_BODY = YES;
				CLANG_WARN_ENUM_CONVERSION = YES;
				CLANG_WARN_INT_CONVERSION = YES;
				CLANG_WARN_OBJC_ROOT_CLASS = YES_ERROR;
				CLANG_WARN_UNREACHABLE_CODE = YES;
				CLANG_WARN__DUPLICATE_METHOD_MATCH = YES;
				"CODE_SIGN_IDENTITY[sdk=iphoneos*]" = "iPhone Developer";
				COPY_PHASE_STRIP = NO;
				DEBUG_INFORMATION_FORMAT = dwarf;
				ENABLE_STRICT_OBJC_MSGSEND = YES;
				ENABLE_TESTABILITY = YES;
				GCC_C_LANGUAGE_STANDARD = gnu99;
				GCC_DYNAMIC_NO_PIC = NO;
				GCC_NO_COMMON_BLOCKS = YES;
				GCC_OPTIMIZATION_LEVEL = 0;
				GCC_PREPROCESSOR_DEFINITIONS = (
					"DEBUG=1",
					"$(inherited)",
				);
				GCC_WARN_64_TO_32_BIT_CONVERSION = YES;
				GCC_WARN_ABOUT_RETURN_TYPE = YES_ERROR;
				GCC_WARN_UNDECLARED_SELECTOR = YES;
				GCC_WARN_UNINITIALIZED_AUTOS = YES_AGGRESSIVE;
				GCC_WARN_UNUSED_FUNCTION = YES;
				GCC_WARN_UNUSED_VARIABLE = YES;
				IPHONEOS_DEPLOYMENT_TARGET = 9.1;
				MTL_ENABLE_DEBUG_INFO = YES;
				ONLY_ACTIVE_ARCH = YES;
				SDKROOT = iphoneos;
			};
			name = Debug;
		};
		E0A90F841C59BAC400DDA3F0 /* Release */ = {
			isa = XCBuildConfiguration;
			buildSettings = {
				ALWAYS_SEARCH_USER_PATHS = NO;
				CLANG_CXX_LANGUAGE_STANDARD = "gnu++0x";
				CLANG_CXX_LIBRARY = "libc++";
				CLANG_ENABLE_MODULES = YES;
				CLANG_ENABLE_OBJC_ARC = YES;
				CLANG_WARN_BOOL_CONVERSION = YES;
				CLANG_WARN_CONSTANT_CONVERSION = YES;
				CLANG_WARN_DIRECT_OBJC_ISA_USAGE = YES_ERROR;
				CLANG_WARN_EMPTY_BODY = YES;
				CLANG_WARN_ENUM_CONVERSION = YES;
				CLANG_WARN_INT_CONVERSION = YES;
				CLANG_WARN_OBJC_ROOT_CLASS = YES_ERROR;
				CLANG_WARN_UNREACHABLE_CODE = YES;
				CLANG_WARN__DUPLICATE_METHOD_MATCH = YES;
				"CODE_SIGN_IDENTITY[sdk=iphoneos*]" = "iPhone Developer";
				COPY_PHASE_STRIP = NO;
				DEBUG_INFORMATION_FORMAT = "dwarf-with-dsym";
				ENABLE_NS_ASSERTIONS = NO;
				ENABLE_STRICT_OBJC_MSGSEND = YES;
				GCC_C_LANGUAGE_STANDARD = gnu99;
				GCC_NO_COMMON_BLOCKS = YES;
				GCC_WARN_64_TO_32_BIT_CONVERSION = YES;
				GCC_WARN_ABOUT_RETURN_TYPE = YES_ERROR;
				GCC_WARN_UNDECLARED_SELECTOR = YES;
				GCC_WARN_UNINITIALIZED_AUTOS = YES_AGGRESSIVE;
				GCC_WARN_UNUSED_FUNCTION = YES;
				GCC_WARN_UNUSED_VARIABLE = YES;
				IPHONEOS_DEPLOYMENT_TARGET = 9.1;
				MTL_ENABLE_DEBUG_INFO = NO;
				SDKROOT = iphoneos;
				VALIDATE_PRODUCT = YES;
			};
			name = Release;
		};
		E0A90F861C59BAC400DDA3F0 /* Debug */ = {
			isa = XCBuildConfiguration;
			buildSettings = {
				ASSETCATALOG_COMPILER_APPICON_NAME = AppIcon;
				INFOPLIST_FILE = testDemo/Info.plist;
				LD_RUNPATH_SEARCH_PATHS = "$(inherited) @executable_path/Frameworks";
				PRODUCT_BUNDLE_IDENTIFIER = com.yangweitian.testDemo;
				PRODUCT_NAME = "$(TARGET_NAME)";
			};
			name = Debug;
		};
		E0A90F871C59BAC400DDA3F0 /* Release */ = {
			isa = XCBuildConfiguration;
			buildSettings = {
				ASSETCATALOG_COMPILER_APPICON_NAME = AppIcon;
				INFOPLIST_FILE = testDemo/Info.plist;
				LD_RUNPATH_SEARCH_PATHS = "$(inherited) @executable_path/Frameworks";
				PRODUCT_BUNDLE_IDENTIFIER = com.yangweitian.testDemo;
				PRODUCT_NAME = "$(TARGET_NAME)";
			};
			name = Release;
		};
/* End XCBuildConfiguration section */

/* Begin XCConfigurationList section */
		E0A90F691C59BAC400DDA3F0 /* Build configuration list for PBXProject "testDemo" */ = {
			isa = XCConfigurationList;
			buildConfigurations = (
				E0A90F831C59BAC400DDA3F0 /* Debug */,
				E0A90F841C59BAC400DDA3F0 /* Release */,
			);
			defaultConfigurationIsVisible = 0;
			defaultConfigurationName = Release;
		};
		E0A90F851C59BAC400DDA3F0 /* Build configuration list for PBXNativeTarget "testDemo" */ = {
			isa = XCConfigurationList;
			buildConfigurations = (
				E0A90F861C59BAC400DDA3F0 /* Debug */,
				E0A90F871C59BAC400DDA3F0 /* Release */,
			);
			defaultConfigurationIsVisible = 0;
		};
/* End XCConfigurationList section */
	};
	rootObject = E0A90F661C59BAC300DDA3F0 /* Project object */;
}
